
Microsoft Visual Studio Solution File, Format Version 12.00
# Visual Studio Version 16
VisualStudioVersion = 16.0.29411.108
MinimumVisualStudioVersion = 10.0.40219.1
Project("{9A19103F-16F7-4668-BE54-9A1E7A4F7556}") = "RDJTPService", "RDJTPService\RDJTPService.csproj", "{C40D3FF8-D06B-4ACF-8221-04D724906A4C}"
EndProject
Project("{9A19103F-16F7-4668-BE54-9A1E7A4F7556}") = "RDJTPClient", "RDJTPClient\RDJTPClient.csproj", "{760D5B7B-0248-457F-B171-8CF714D85EA1}"
EndProject
Project("{FAE04EC0-301F-11D3-BF4B-00C04F79EFBC}") = "RDJTP.Core", "Assignment3.Core\RDJTP.Core\RDJTP.Core.csproj", "{A26771B4-77FB-456F-9A21-98F7F60FA57D}"
EndProject
Global
	GlobalSection(SolutionConfigurationPlatforms) = preSolution
		Debug|Any CPU = Debug|Any CPU
		Release|Any CPU = Release|Any CPU
	EndGlobalSection
	GlobalSection(ProjectConfigurationPlatforms) = postSolution
		{C40D3FF8-D06B-4ACF-8221-04D724906A4C}.Debug|Any CPU.ActiveCfg = Debug|Any CPU
		{C40D3FF8-D06B-4ACF-8221-04D724906A4C}.Debug|Any CPU.Build.0 = Debug|Any CPU
		{C40D3FF8-D06B-4ACF-8221-04D724906A4C}.Release|Any CPU.ActiveCfg = Release|Any CPU
		{C40D3FF8-D06B-4ACF-8221-04D724906A4C}.Release|Any CPU.Build.0 = Release|Any CPU
		{760D5B7B-0248-457F-B171-8CF714D85EA1}.Debug|Any CPU.ActiveCfg = Debug|Any CPU
		{760D5B7B-0248-457F-B171-8CF714D85EA1}.Debug|Any CPU.Build.0 = Debug|Any CPU
		{760D5B7B-0248-457F-B171-8CF714D85EA1}.Release|Any CPU.ActiveCfg = Release|Any CPU
		{760D5B7B-0248-457F-B171-8CF714D85EA1}.Release|Any CPU.Build.0 = Release|Any CPU
		{A26771B4-77FB-456F-9A21-98F7F60FA57D}.Debug|Any CPU.ActiveCfg = Debug|Any CPU
		{A26771B4-77FB-456F-9A21-98F7F60FA57D}.Debug|Any CPU.Build.0 = Debug|Any CPU
		{A26771B4-77FB-456F-9A21-98F7F60FA57D}.Release|Any CPU.ActiveCfg = Release|Any CPU
		{A26771B4-77FB-456F-9A21-98F7F60FA57D}.Release|Any CPU.Build.0 = Release|Any CPU
	EndGlobalSection
	GlobalSection(SolutionProperties) = preSolution
		HideSolutionNode = FALSE
	EndGlobalSection
	GlobalSection(ExtensibilityGlobals) = postSolution
		SolutionGuid = {CCBDC1F1-451E-4D63-B910-D1C6CC790521}
	EndGlobalSection
EndGlobal
